// !$*UTF8*$!
{
	archiveVersion = 1;
	classes = {
	};
	objectVersion = 46;
	objects = {

/* Begin PBXBuildFile section */
		506F68AF1A4EDDF200591C94 /* AppDelegate.swift in Sources */ = {isa = PBXBuildFile; fileRef = 506F68AE1A4EDDF200591C94 /* AppDelegate.swift */; };
		506F68B21A4EDDF200591C94 /* HumanYeatsToDogYears.xcdatamodeld in Sources */ = {isa = PBXBuildFile; fileRef = 506F68B01A4EDDF200591C94 /* HumanYeatsToDogYears.xcdatamodeld */; };
		506F68B41A4EDDF200591C94 /* ViewController.swift in Sources */ = {isa = PBXBuildFile; fileRef = 506F68B31A4EDDF200591C94 /* ViewController.swift */; };
		506F68B71A4EDDF200591C94 /* Main.storyboard in Resources */ = {isa = PBXBuildFile; fileRef = 506F68B51A4EDDF200591C94 /* Main.storyboard */; };
		506F68B91A4EDDF200591C94 /* Images.xcassets in Resources */ = {isa = PBXBuildFile; fileRef = 506F68B81A4EDDF200591C94 /* Images.xcassets */; };
		506F68BC1A4EDDF200591C94 /* LaunchScreen.xib in Resources */ = {isa = PBXBuildFile; fileRef = 506F68BA1A4EDDF200591C94 /* LaunchScreen.xib */; };
		506F68C81A4EDDF200591C94 /* HumanYeatsToDogYearsTests.swift in Sources */ = {isa = PBXBuildFile; fileRef = 506F68C71A4EDDF200591C94 /* HumanYeatsToDogYearsTests.swift */; };
/* End PBXBuildFile section */

/* Begin PBXContainerItemProxy section */
		506F68C21A4EDDF200591C94 /* PBXContainerItemProxy */ = {
			isa = PBXContainerItemProxy;
			containerPortal = 506F68A11A4EDDF200591C94 /* Project object */;
			proxyType = 1;
			remoteGlobalIDString = 506F68A81A4EDDF200591C94;
			remoteInfo = HumanYeatsToDogYears;
		};
/* End PBXContainerItemProxy section */

/* Begin PBXFileReference section */
		506F68A91A4EDDF200591C94 /* HumanYeatsToDogYears.app */ = {isa = PBXFileReference; explicitFileType = wrapper.application; includeInIndex = 0; path = HumanYeatsToDogYears.app; sourceTree = BUILT_PRODUCTS_DIR; };
		506F68AD1A4EDDF200591C94 /* Info.plist */ = {isa = PBXFileReference; lastKnownFileType = text.plist.xml; path = Info.plist; sourceTree = "<group>"; };
		506F68AE1A4EDDF200591C94 /* AppDelegate.swift */ = {isa = PBXFileReference; lastKnownFileType = sourcecode.swift; path = AppDelegate.swift; sourceTree = "<group>"; };
		506F68B11A4EDDF200591C94 /* HumanYeatsToDogYears.xcdatamodel */ = {isa = PBXFileReference; lastKnownFileType = wrapper.xcdatamodel; path = HumanYeatsToDogYears.xcdatamodel; sourceTree = "<group>"; };
		506F68B31A4EDDF200591C94 /* ViewController.swift */ = {isa = PBXFileReference; lastKnownFileType = sourcecode.swift; path = ViewController.swift; sourceTree = "<group>"; };
		506F68B61A4EDDF200591C94 /* Base */ = {isa = PBXFileReference; lastKnownFileType = file.storyboard; name = Base; path = Base.lproj/Main.storyboard; sourceTree = "<group>"; };
		506F68B81A4EDDF200591C94 /* Images.xcassets */ = {isa = PBXFileReference; lastKnownFileType = folder.assetcatalog; path = Images.xcassets; sourceTree = "<group>"; };
		506F68BB1A4EDDF200591C94 /* Base */ = {isa = PBXFileReference; lastKnownFileType = file.xib; name = Base; path = Base.lproj/LaunchScreen.xib; sourceTree = "<group>"; };
		506F68C11A4EDDF200591C94 /* HumanYeatsToDogYearsTests.xctest */ = {isa = PBXFileReference; explicitFileType = wrapper.cfbundle; includeInIndex = 0; path = HumanYeatsToDogYearsTests.xctest; sourceTree = BUILT_PRODUCTS_DIR; };
		506F68C61A4EDDF200591C94 /* Info.plist */ = {isa = PBXFileReference; lastKnownFileType = text.plist.xml; path = Info.plist; sourceTree = "<group>"; };
		506F68C71A4EDDF200591C94 /* HumanYeatsToDogYearsTests.swift */ = {isa = PBXFileReference; lastKnownFileType = sourcecode.swift; path = HumanYeatsToDogYearsTests.swift; sourceTree = "<group>"; };
/* End PBXFileReference section */

/* Begin PBXFrameworksBuildPhase section */
		506F68A61A4EDDF200591C94 /* Frameworks */ = {
			isa = PBXFrameworksBuildPhase;
			buildActionMask = 2147483647;
			files = (
			);
			runOnlyForDeploymentPostprocessing = 0;
		};
		506F68BE1A4EDDF200591C94 /* Frameworks */ = {
			isa = PBXFrameworksBuildPhase;
			buildActionMask = 2147483647;
			files = (
			);
			runOnlyForDeploymentPostprocessing = 0;
		};
/* End PBXFrameworksBuildPhase section */

/* Begin PBXGroup section */
		506F68A01A4EDDF200591C94 = {
			isa = PBXGroup;
			children = (
				506F68AB1A4EDDF200591C94 /* HumanYeatsToDogYears */,
				506F68C41A4EDDF200591C94 /* HumanYeatsToDogYearsTests */,
				506F68AA1A4EDDF200591C94 /* Products */,
			);
			sourceTree = "<group>";
		};
		506F68AA1A4EDDF200591C94 /* Products */ = {
			isa = PBXGroup;
			children = (
				506F68A91A4EDDF200591C94 /* HumanYeatsToDogYears.app */,
				506F68C11A4EDDF200591C94 /* HumanYeatsToDogYearsTests.xctest */,
			);
			name = Products;
			sourceTree = "<group>";
		};
		506F68AB1A4EDDF200591C94 /* HumanYeatsToDogYears */ = {
			isa = PBXGroup;
			children = (
				506F68AE1A4EDDF200591C94 /* AppDelegate.swift */,
				506F68B31A4EDDF200591C94 /* ViewController.swift */,
				506F68B51A4EDDF200591C94 /* Main.storyboard */,
				506F68B81A4EDDF200591C94 /* Images.xcassets */,
				506F68BA1A4EDDF200591C94 /* LaunchScreen.xib */,
				506F68B01A4EDDF200591C94 /* HumanYeatsToDogYears.xcdatamodeld */,
				506F68AC1A4EDDF200591C94 /* Supporting Files */,
			);
			path = HumanYeatsToDogYears;
			sourceTree = "<group>";
		};
		506F68AC1A4EDDF200591C94 /* Supporting Files */ = {
			isa = PBXGroup;
			children = (
				506F68AD1A4EDDF200591C94 /* Info.plist */,
			);
			name = "Supporting Files";
			sourceTree = "<group>";
		};
		506F68C41A4EDDF200591C94 /* HumanYeatsToDogYearsTests */ = {
			isa = PBXGroup;
			children = (
				506F68C71A4EDDF200591C94 /* HumanYeatsToDogYearsTests.swift */,
				506F68C51A4EDDF200591C94 /* Supporting Files */,
			);
			path = HumanYeatsToDogYearsTests;
			sourceTree = "<group>";
		};
		506F68C51A4EDDF200591C94 /* Supporting Files */ = {
			isa = PBXGroup;
			children = (
				506F68C61A4EDDF200591C94 /* Info.plist */,
			);
			name = "Supporting Files";
			sourceTree = "<group>";
		};
/* End PBXGroup section */

/* Begin PBXNativeTarget section */
		506F68A81A4EDDF200591C94 /* HumanYeatsToDogYears */ = {
			isa = PBXNativeTarget;
			buildConfigurationList = 506F68CB1A4EDDF200591C94 /* Build configuration list for PBXNativeTarget "HumanYeatsToDogYears" */;
			buildPhases = (
				506F68A51A4EDDF200591C94 /* Sources */,
				506F68A61A4EDDF200591C94 /* Frameworks */,
				506F68A71A4EDDF200591C94 /* Resources */,
			);
			buildRules = (
			);
			dependencies = (
			);
			name = HumanYeatsToDogYears;
			productName = HumanYeatsToDogYears;
			productReference = 506F68A91A4EDDF200591C94 /* HumanYeatsToDogYears.app */;
			productType = "com.apple.product-type.application";
		};
		506F68C01A4EDDF200591C94 /* HumanYeatsToDogYearsTests */ = {
			isa = PBXNativeTarget;
			buildConfigurationList = 506F68CE1A4EDDF200591C94 /* Build configuration list for PBXNativeTarget "HumanYeatsToDogYearsTests" */;
			buildPhases = (
				506F68BD1A4EDDF200591C94 /* Sources */,
				506F68BE1A4EDDF200591C94 /* Frameworks */,
				506F68BF1A4EDDF200591C94 /* Resources */,
			);
			buildRules = (
			);
			dependencies = (
				506F68C31A4EDDF200591C94 /* PBXTargetDependency */,
			);
			name = HumanYeatsToDogYearsTests;
			productName = HumanYeatsToDogYearsTests;
			productReference = 506F68C11A4EDDF200591C94 /* HumanYeatsToDogYearsTests.xctest */;
			productType = "com.apple.product-type.bundle.unit-test";
		};
/* End PBXNativeTarget section */

/* Begin PBXProject section */
		506F68A11A4EDDF200591C94 /* Project object */ = {
			isa = PBXProject;
			attributes = {
				LastUpgradeCheck = 0610;
				ORGANIZATIONNAME = "Alex Podrabinovich";
				TargetAttributes = {
					506F68A81A4EDDF200591C94 = {
						CreatedOnToolsVersion = 6.1.1;
					};
					506F68C01A4EDDF200591C94 = {
						CreatedOnToolsVersion = 6.1.1;
						TestTargetID = 506F68A81A4EDDF200591C94;
					};
				};
			};
			buildConfigurationList = 506F68A41A4EDDF200591C94 /* Build configuration list for PBXProject "HumanYeatsToDogYears" */;
			compatibilityVersion = "Xcode 3.2";
			developmentRegion = English;
			hasScannedForEncodings = 0;
			knownRegions = (
				en,
				Base,
			);
			mainGroup = 506F68A01A4EDDF200591C94;
			productRefGroup = 506F68AA1A4EDDF200591C94 /* Products */;
			projectDirPath = "";
			projectRoot = "";
			targets = (
				506F68A81A4EDDF200591C94 /* HumanYeatsToDogYears */,
				506F68C01A4EDDF200591C94 /* HumanYeatsToDogYearsTests */,
			);
		};
/* End PBXProject section */

/* Begin PBXResourcesBuildPhase section */
		506F68A71A4EDDF200591C94 /* Resources */ = {
			isa = PBXResourcesBuildPhase;
			buildActionMask = 2147483647;
			files = (
				506F68B71A4EDDF200591C94 /* Main.storyboard in Resources */,
				506F68BC1A4EDDF200591C94 /* LaunchScreen.xib in Resources */,
				506F68B91A4EDDF200591C94 /* Images.xcassets in Resources */,
			);
			runOnlyForDeploymentPostprocessing = 0;
		};
		506F68BF1A4EDDF200591C94 /* Resources */ = {
			isa = PBXResourcesBuildPhase;
			buildActionMask = 2147483647;
			files = (
			);
			runOnlyForDeploymentPostprocessing = 0;
		};
/* End PBXResourcesBuildPhase section */

/* Begin PBXSourcesBuildPhase section */
		506F68A51A4EDDF200591C94 /* Sources */ = {
			isa = PBXSourcesBuildPhase;
			buildActionMask = 2147483647;
			files = (
				506F68B41A4EDDF200591C94 /* ViewController.swift in Sources */,
				506F68AF1A4EDDF200591C94 /* AppDelegate.swift in Sources */,
				506F68B21A4EDDF200591C94 /* HumanYeatsToDogYears.xcdatamodeld in Sources */,
			);
			runOnlyForDeploymentPostprocessing = 0;
		};
		506F68BD1A4EDDF200591C94 /* Sources */ = {
			isa = PBXSourcesBuildPhase;
			buildActionMask = 2147483647;
			files = (
				506F68C81A4EDDF200591C94 /* HumanYeatsToDogYearsTests.swift in Sources */,
			);
			runOnlyForDeploymentPostprocessing = 0;
		};
/* End PBXSourcesBuildPhase section */

/* Begin PBXTargetDependency section */
		506F68C31A4EDDF200591C94 /* PBXTargetDependency */ = {
			isa = PBXTargetDependency;
			target = 506F68A81A4EDDF200591C94 /* HumanYeatsToDogYears */;
			targetProxy = 506F68C21A4EDDF200591C94 /* PBXContainerItemProxy */;
		};
/* End PBXTargetDependency section */

/* Begin PBXVariantGroup section */
		506F68B51A4EDDF200591C94 /* Main.storyboard */ = {
			isa = PBXVariantGroup;
			children = (
				506F68B61A4EDDF200591C94 /* Base */,
			);
			name = Main.storyboard;
			sourceTree = "<group>";
		};
		506F68BA1A4EDDF200591C94 /* LaunchScreen.xib */ = {
			isa = PBXVariantGroup;
			children = (
				506F68BB1A4EDDF200591C94 /* Base */,
			);
			name = LaunchScreen.xib;
			sourceTree = "<group>";
		};
/* End PBXVariantGroup section */

/* Begin XCBuildConfiguration section */
		506F68C91A4EDDF200591C94 /* Debug */ = {
			isa = XCBuildConfiguration;
			buildSettings = {
				ALWAYS_SEARCH_USER_PATHS = NO;
				CLANG_CXX_LANGUAGE_STANDARD = "gnu++0x";
				CLANG_CXX_LIBRARY = "libc++";
				CLANG_ENABLE_MODULES = YES;
				CLANG_ENABLE_OBJC_ARC = YES;
				CLANG_WARN_BOOL_CONVERSION = YES;
				CLANG_WARN_CONSTANT_CONVERSION = YES;
				CLANG_WARN_DIRECT_OBJC_ISA_USAGE = YES_ERROR;
				CLANG_WARN_EMPTY_BODY = YES;
				CLANG_WARN_ENUM_CONVERSION = YES;
				CLANG_WARN_INT_CONVERSION = YES;
				CLANG_WARN_OBJC_ROOT_CLASS = YES_ERROR;
				CLANG_WARN_UNREACHABLE_CODE = YES;
				CLANG_WARN__DUPLICATE_METHOD_MATCH = YES;
				"CODE_SIGN_IDENTITY[sdk=iphoneos*]" = "iPhone Developer";
				COPY_PHASE_STRIP = NO;
				ENABLE_STRICT_OBJC_MSGSEND = YES;
				GCC_C_LANGUAGE_STANDARD = gnu99;
				GCC_DYNAMIC_NO_PIC = NO;
				GCC_OPTIMIZATION_LEVEL = 0;
				GCC_PREPROCESSOR_DEFINITIONS = (
					"DEBUG=1",
					"$(inherited)",
				);
				GCC_SYMBOLS_PRIVATE_EXTERN = NO;
				GCC_WARN_64_TO_32_BIT_CONVERSION = YES;
				GCC_WARN_ABOUT_RETURN_TYPE = YES_ERROR;
				GCC_WARN_UNDECLARED_SELECTOR = YES;
				GCC_WARN_UNINITIALIZED_AUTOS = YES_AGGRESSIVE;
				GCC_WARN_UNUSED_FUNCTION = YES;
				GCC_WARN_UNUSED_VARIABLE = YES;
				IPHONEOS_DEPLOYMENT_TARGET = 8.1;
				MTL_ENABLE_DEBUG_INFO = YES;
				ONLY_ACTIVE_ARCH = YES;
				SDKROOT = iphoneos;
				SWIFT_OPTIMIZATION_LEVEL = "-Onone";
				TARGETED_DEVICE_FAMILY = "1,2";
			};
			name = Debug;
		};
		506F68CA1A4EDDF200591C94 /* Release */ = {
			isa = XCBuildConfiguration;
			buildSettings = {
				ALWAYS_SEARCH_USER_PATHS = NO;
				CLANG_CXX_LANGUAGE_STANDARD = "gnu++0x";
				CLANG_CXX_LIBRARY = "libc++";
				CLANG_ENABLE_MODULES = YES;
				CLANG_ENABLE_OBJC_ARC = YES;
				CLANG_WARN_BOOL_CONVERSION = YES;
				CLANG_WARN_CONSTANT_CONVERSION = YES;
				CLANG_WARN_DIRECT_OBJC_ISA_USAGE = YES_ERROR;
				CLANG_WARN_EMPTY_BODY = YES;
				CLANG_WARN_ENUM_CONVERSION = YES;
				CLANG_WARN_INT_CONVERSION = YES;
				CLANG_WARN_OBJC_ROOT_CLASS = YES_ERROR;
				CLANG_WARN_UNREACHABLE_CODE = YES;
				CLANG_WARN__DUPLICATE_METHOD_MATCH = YES;
				"CODE_SIGN_IDENTITY[sdk=iphoneos*]" = "iPhone Developer";
				COPY_PHASE_STRIP = YES;
				ENABLE_NS_ASSERTIONS = NO;
				ENABLE_STRICT_OBJC_MSGSEND = YES;
				GCC_C_LANGUAGE_STANDARD = gnu99;
				GCC_WARN_64_TO_32_BIT_CONVERSION = YES;
				GCC_WARN_ABOUT_RETURN_TYPE = YES_ERROR;
				GCC_WARN_UNDECLARED_SELECTOR = YES;
				GCC_WARN_UNINITIALIZED_AUTOS = YES_AGGRESSIVE;
				GCC_WARN_UNUSED_FUNCTION = YES;
				GCC_WARN_UNUSED_VARIABLE = YES;
				IPHONEOS_DEPLOYMENT_TARGET = 8.1;
				MTL_ENABLE_DEBUG_INFO = NO;
				SDKROOT = iphoneos;
				TARGETED_DEVICE_FAMILY = "1,2";
				VALIDATE_PRODUCT = YES;
			};
			name = Release;
		};
		506F68CC1A4EDDF200591C94 /* Debug */ = {
			isa = XCBuildConfiguration;
			buildSettings = {
				ASSETCATALOG_COMPILER_APPICON_NAME = AppIcon;
				INFOPLIST_FILE = HumanYeatsToDogYears/Info.plist;
				LD_RUNPATH_SEARCH_PATHS = "$(inherited) @executable_path/Frameworks";
				PRODUCT_NAME = "$(TARGET_NAME)";
			};
			name = Debug;
		};
		506F68CD1A4EDDF200591C94 /* Release */ = {
			isa = XCBuildConfiguration;
			buildSettings = {
				ASSETCATALOG_COMPILER_APPICON_NAME = AppIcon;
				INFOPLIST_FILE = HumanYeatsToDogYears/Info.plist;
				LD_RUNPATH_SEARCH_PATHS = "$(inherited) @executable_path/Frameworks";
				PRODUCT_NAME = "$(TARGET_NAME)";
			};
			name = Release;
		};
		506F68CF1A4EDDF200591C94 /* Debug */ = {
			isa = XCBuildConfiguration;
			buildSettings = {
				BUNDLE_LOADER = "$(TEST_HOST)";
				FRAMEWORK_SEARCH_PATHS = (
					"$(SDKROOT)/Developer/Library/Frameworks",
					"$(inherited)",
				);
				GCC_PREPROCESSOR_DEFINITIONS = (
					"DEBUG=1",
					"$(inherited)",
				);
				INFOPLIST_FILE = HumanYeatsToDogYearsTests/Info.plist;
				LD_RUNPATH_SEARCH_PATHS = "$(inherited) @executable_path/Frameworks @loader_path/Frameworks";
				PRODUCT_NAME = "$(TARGET_NAME)";
				TEST_HOST = "$(BUILT_PRODUCTS_DIR)/HumanYeatsToDogYears.app/HumanYeatsToDogYears";
			};
			name = Debug;
		};
		506F68D01A4EDDF200591C94 /* Release */ = {
			isa = XCBuildConfiguration;
			buildSettings = {
				BUNDLE_LOADER = "$(TEST_HOST)";
				FRAMEWORK_SEARCH_PATHS = (
					"$(SDKROOT)/Developer/Library/Frameworks",
					"$(inherited)",
				);
				INFOPLIST_FILE = HumanYeatsToDogYearsTests/Info.plist;
				LD_RUNPATH_SEARCH_PATHS = "$(inherited) @executable_path/Frameworks @loader_path/Frameworks";
				PRODUCT_NAME = "$(TARGET_NAME)";
				TEST_HOST = "$(BUILT_PRODUCTS_DIR)/HumanYeatsToDogYears.app/HumanYeatsToDogYears";
			};
			name = Release;
		};
/* End XCBuildConfiguration section */

/* Begin XCConfigurationList section */
		506F68A41A4EDDF200591C94 /* Build configuration list for PBXProject "HumanYeatsToDogYears" */ = {
			isa = XCConfigurationList;
			buildConfigurations = (
				506F68C91A4EDDF200591C94 /* Debug */,
				506F68CA1A4EDDF200591C94 /* Release */,
			);
			defaultConfigurationIsVisible = 0;
			defaultConfigurationName = Release;
		};
		506F68CB1A4EDDF200591C94 /* Build configuration list for PBXNativeTarget "HumanYeatsToDogYears" */ = {
			isa = XCConfigurationList;
			buildConfigurations = (
				506F68CC1A4EDDF200591C94 /* Debug */,
				506F68CD1A4EDDF200591C94 /* Release */,
			);
			defaultConfigurationIsVisible = 0;
		};
		506F68CE1A4EDDF200591C94 /* Build configuration list for PBXNativeTarget "HumanYeatsToDogYearsTests" */ = {
			isa = XCConfigurationList;
			buildConfigurations = (
				506F68CF1A4EDDF200591C94 /* Debug */,
				506F68D01A4EDDF200591C94 /* Release */,
			);
			defaultConfigurationIsVisible = 0;
		};
/* End XCConfigurationList section */

/* Begin XCVersionGroup section */
		506F68B01A4EDDF200591C94 /* HumanYeatsToDogYears.xcdatamodeld */ = {
			isa = XCVersionGroup;
			children = (
				506F68B11A4EDDF200591C94 /* HumanYeatsToDogYears.xcdatamodel */,
			);
			currentVersion = 506F68B11A4EDDF200591C94 /* HumanYeatsToDogYears.xcdatamodel */;
			path = HumanYeatsToDogYears.xcdatamodeld;
			sourceTree = "<group>";
			versionGroupType = wrapper.xcdatamodel;
		};
/* End XCVersionGroup section */
	};
	rootObject = 506F68A11A4EDDF200591C94 /* Project object */;
}
